// !$*UTF8*$!
{
	archiveVersion = 1;
	classes = {
	};
	objectVersion = 46;
	objects = {

/* Begin PBXBuildFile section */
		ADD97B581A5E94A8006376BE /* main.m in Sources */ = {isa = PBXBuildFile; fileRef = ADD97B571A5E94A8006376BE /* main.m */; };
		ADD97B601A5E94ED006376BE /* VOSStarWarsCharacter.m in Sources */ = {isa = PBXBuildFile; fileRef = ADD97B5F1A5E94ED006376BE /* VOSStarWarsCharacter.m */; };
		ADD97B671A5EA05A006376BE /* VOSLightSaber.m in Sources */ = {isa = PBXBuildFile; fileRef = ADD97B661A5EA05A006376BE /* VOSLightSaber.m */; };
		ADD97B6A1A5F32BB006376BE /* VOSJedi.m in Sources */ = {isa = PBXBuildFile; fileRef = ADD97B691A5F32BB006376BE /* VOSJedi.m */; };
/* End PBXBuildFile section */

/* Begin PBXCopyFilesBuildPhase section */
		ADD97B521A5E94A8006376BE /* CopyFiles */ = {
			isa = PBXCopyFilesBuildPhase;
			buildActionMask = 2147483647;
			dstPath = /usr/share/man/man1/;
			dstSubfolderSpec = 0;
			files = (
			);
			runOnlyForDeploymentPostprocessing = 1;
		};
/* End PBXCopyFilesBuildPhase section */

/* Begin PBXFileReference section */
		ADD97B541A5E94A8006376BE /* Ejercicio1 */ = {isa = PBXFileReference; explicitFileType = "compiled.mach-o.executable"; includeInIndex = 0; path = Ejercicio1; sourceTree = BUILT_PRODUCTS_DIR; };
		ADD97B571A5E94A8006376BE /* main.m */ = {isa = PBXFileReference; lastKnownFileType = sourcecode.c.objc; path = main.m; sourceTree = "<group>"; };
		ADD97B5E1A5E94ED006376BE /* VOSStarWarsCharacter.h */ = {isa = PBXFileReference; fileEncoding = 4; lastKnownFileType = sourcecode.c.h; path = VOSStarWarsCharacter.h; sourceTree = "<group>"; };
		ADD97B5F1A5E94ED006376BE /* VOSStarWarsCharacter.m */ = {isa = PBXFileReference; fileEncoding = 4; lastKnownFileType = sourcecode.c.objc; path = VOSStarWarsCharacter.m; sourceTree = "<group>"; };
		ADD97B651A5EA05A006376BE /* VOSLightSaber.h */ = {isa = PBXFileReference; fileEncoding = 4; lastKnownFileType = sourcecode.c.h; path = VOSLightSaber.h; sourceTree = "<group>"; };
		ADD97B661A5EA05A006376BE /* VOSLightSaber.m */ = {isa = PBXFileReference; fileEncoding = 4; lastKnownFileType = sourcecode.c.objc; path = VOSLightSaber.m; sourceTree = "<group>"; };
		ADD97B681A5F32BB006376BE /* VOSJedi.h */ = {isa = PBXFileReference; fileEncoding = 4; lastKnownFileType = sourcecode.c.h; path = VOSJedi.h; sourceTree = "<group>"; };
		ADD97B691A5F32BB006376BE /* VOSJedi.m */ = {isa = PBXFileReference; fileEncoding = 4; lastKnownFileType = sourcecode.c.objc; path = VOSJedi.m; sourceTree = "<group>"; };
/* End PBXFileReference section */

/* Begin PBXFrameworksBuildPhase section */
		ADD97B511A5E94A8006376BE /* Frameworks */ = {
			isa = PBXFrameworksBuildPhase;
			buildActionMask = 2147483647;
			files = (
			);
			runOnlyForDeploymentPostprocessing = 0;
		};
/* End PBXFrameworksBuildPhase section */

/* Begin PBXGroup section */
		ADD97B4B1A5E94A7006376BE = {
			isa = PBXGroup;
			children = (
				ADD97B561A5E94A8006376BE /* Ejercicio1 */,
				ADD97B551A5E94A8006376BE /* Products */,
			);
			sourceTree = "<group>";
		};
		ADD97B551A5E94A8006376BE /* Products */ = {
			isa = PBXGroup;
			children = (
				ADD97B541A5E94A8006376BE /* Ejercicio1 */,
			);
			name = Products;
			sourceTree = "<group>";
		};
		ADD97B561A5E94A8006376BE /* Ejercicio1 */ = {
			isa = PBXGroup;
			children = (
				ADD97B571A5E94A8006376BE /* main.m */,
				ADD97B611A5E950D006376BE /* Models */,
			);
			path = Ejercicio1;
			sourceTree = "<group>";
		};
		ADD97B611A5E950D006376BE /* Models */ = {
			isa = PBXGroup;
			children = (
				ADD97B5E1A5E94ED006376BE /* VOSStarWarsCharacter.h */,
				ADD97B5F1A5E94ED006376BE /* VOSStarWarsCharacter.m */,
				ADD97B651A5EA05A006376BE /* VOSLightSaber.h */,
				ADD97B661A5EA05A006376BE /* VOSLightSaber.m */,
				ADD97B681A5F32BB006376BE /* VOSJedi.h */,
				ADD97B691A5F32BB006376BE /* VOSJedi.m */,
			);
			name = Models;
			sourceTree = "<group>";
		};
/* End PBXGroup section */

/* Begin PBXNativeTarget section */
		ADD97B531A5E94A8006376BE /* Ejercicio1 */ = {
			isa = PBXNativeTarget;
			buildConfigurationList = ADD97B5B1A5E94A8006376BE /* Build configuration list for PBXNativeTarget "Ejercicio1" */;
			buildPhases = (
				ADD97B501A5E94A8006376BE /* Sources */,
				ADD97B511A5E94A8006376BE /* Frameworks */,
				ADD97B521A5E94A8006376BE /* CopyFiles */,
			);
			buildRules = (
			);
			dependencies = (
			);
			name = Ejercicio1;
			productName = Ejercicio1;
			productReference = ADD97B541A5E94A8006376BE /* Ejercicio1 */;
			productType = "com.apple.product-type.tool";
		};
/* End PBXNativeTarget section */

/* Begin PBXProject section */
		ADD97B4C1A5E94A7006376BE /* Project object */ = {
			isa = PBXProject;
			attributes = {
				LastUpgradeCheck = 0610;
				ORGANIZATIONNAME = "Vicente Oliva de la Serna";
				TargetAttributes = {
					ADD97B531A5E94A8006376BE = {
						CreatedOnToolsVersion = 6.1.1;
					};
				};
			};
			buildConfigurationList = ADD97B4F1A5E94A7006376BE /* Build configuration list for PBXProject "Ejercicio1" */;
			compatibilityVersion = "Xcode 3.2";
			developmentRegion = English;
			hasScannedForEncodings = 0;
			knownRegions = (
				en,
			);
			mainGroup = ADD97B4B1A5E94A7006376BE;
			productRefGroup = ADD97B551A5E94A8006376BE /* Products */;
			projectDirPath = "";
			projectRoot = "";
			targets = (
				ADD97B531A5E94A8006376BE /* Ejercicio1 */,
			);
		};
/* End PBXProject section */

/* Begin PBXSourcesBuildPhase section */
		ADD97B501A5E94A8006376BE /* Sources */ = {
			isa = PBXSourcesBuildPhase;
			buildActionMask = 2147483647;
			files = (
				ADD97B6A1A5F32BB006376BE /* VOSJedi.m in Sources */,
				ADD97B581A5E94A8006376BE /* main.m in Sources */,
				ADD97B601A5E94ED006376BE /* VOSStarWarsCharacter.m in Sources */,
				ADD97B671A5EA05A006376BE /* VOSLightSaber.m in Sources */,
			);
			runOnlyForDeploymentPostprocessing = 0;
		};
/* End PBXSourcesBuildPhase section */

/* Begin XCBuildConfiguration section */
		ADD97B591A5E94A8006376BE /* Debug */ = {
			isa = XCBuildConfiguration;
			buildSettings = {
				ALWAYS_SEARCH_USER_PATHS = NO;
				CLANG_CXX_LANGUAGE_STANDARD = "gnu++0x";
				CLANG_CXX_LIBRARY = "libc++";
				CLANG_ENABLE_MODULES = YES;
				CLANG_ENABLE_OBJC_ARC = YES;
				CLANG_WARN_BOOL_CONVERSION = YES;
				CLANG_WARN_CONSTANT_CONVERSION = YES;
				CLANG_WARN_DIRECT_OBJC_ISA_USAGE = YES_ERROR;
				CLANG_WARN_EMPTY_BODY = YES;
				CLANG_WARN_ENUM_CONVERSION = YES;
				CLANG_WARN_INT_CONVERSION = YES;
				CLANG_WARN_OBJC_ROOT_CLASS = YES_ERROR;
				CLANG_WARN_UNREACHABLE_CODE = YES;
				CLANG_WARN__DUPLICATE_METHOD_MATCH = YES;
				COPY_PHASE_STRIP = NO;
				ENABLE_STRICT_OBJC_MSGSEND = YES;
				GCC_C_LANGUAGE_STANDARD = gnu99;
				GCC_DYNAMIC_NO_PIC = NO;
				GCC_OPTIMIZATION_LEVEL = 0;
				GCC_PREPROCESSOR_DEFINITIONS = (
					"DEBUG=1",
					"$(inherited)",
				);
				GCC_SYMBOLS_PRIVATE_EXTERN = NO;
				GCC_WARN_64_TO_32_BIT_CONVERSION = YES;
				GCC_WARN_ABOUT_RETURN_TYPE = YES_ERROR;
				GCC_WARN_UNDECLARED_SELECTOR = YES;
				GCC_WARN_UNINITIALIZED_AUTOS = YES_AGGRESSIVE;
				GCC_WARN_UNUSED_FUNCTION = YES;
				GCC_WARN_UNUSED_VARIABLE = YES;
				MACOSX_DEPLOYMENT_TARGET = 10.10;
				MTL_ENABLE_DEBUG_INFO = YES;
				ONLY_ACTIVE_ARCH = YES;
				SDKROOT = macosx;
			};
			name = Debug;
		};
		ADD97B5A1A5E94A8006376BE /* Release */ = {
			isa = XCBuildConfiguration;
			buildSettings = {
				ALWAYS_SEARCH_USER_PATHS = NO;
				CLANG_CXX_LANGUAGE_STANDARD = "gnu++0x";
				CLANG_CXX_LIBRARY = "libc++";
				CLANG_ENABLE_MODULES = YES;
				CLANG_ENABLE_OBJC_ARC = YES;
				CLANG_WARN_BOOL_CONVERSION = YES;
				CLANG_WARN_CONSTANT_CONVERSION = YES;
				CLANG_WARN_DIRECT_OBJC_ISA_USAGE = YES_ERROR;
				CLANG_WARN_EMPTY_BODY = YES;
				CLANG_WARN_ENUM_CONVERSION = YES;
				CLANG_WARN_INT_CONVERSION = YES;
				CLANG_WARN_OBJC_ROOT_CLASS = YES_ERROR;
				CLANG_WARN_UNREACHABLE_CODE = YES;
				CLANG_WARN__DUPLICATE_METHOD_MATCH = YES;
				COPY_PHASE_STRIP = YES;
				DEBUG_INFORMATION_FORMAT = "dwarf-with-dsym";
				ENABLE_NS_ASSERTIONS = NO;
				ENABLE_STRICT_OBJC_MSGSEND = YES;
				GCC_C_LANGUAGE_STANDARD = gnu99;
				GCC_WARN_64_TO_32_BIT_CONVERSION = YES;
				GCC_WARN_ABOUT_RETURN_TYPE = YES_ERROR;
				GCC_WARN_UNDECLARED_SELECTOR = YES;
				GCC_WARN_UNINITIALIZED_AUTOS = YES_AGGRESSIVE;
				GCC_WARN_UNUSED_FUNCTION = YES;
				GCC_WARN_UNUSED_VARIABLE = YES;
				MACOSX_DEPLOYMENT_TARGET = 10.10;
				MTL_ENABLE_DEBUG_INFO = NO;
				SDKROOT = macosx;
			};
			name = Release;
		};
		ADD97B5C1A5E94A8006376BE /* Debug */ = {
			isa = XCBuildConfiguration;
			buildSettings = {
				PRODUCT_NAME = "$(TARGET_NAME)";
			};
			name = Debug;
		};
		ADD97B5D1A5E94A8006376BE /* Release */ = {
			isa = XCBuildConfiguration;
			buildSettings = {
				PRODUCT_NAME = "$(TARGET_NAME)";
			};
			name = Release;
		};
/* End XCBuildConfiguration section */

/* Begin XCConfigurationList section */
		ADD97B4F1A5E94A7006376BE /* Build configuration list for PBXProject "Ejercicio1" */ = {
			isa = XCConfigurationList;
			buildConfigurations = (
				ADD97B591A5E94A8006376BE /* Debug */,
				ADD97B5A1A5E94A8006376BE /* Release */,
			);
			defaultConfigurationIsVisible = 0;
			defaultConfigurationName = Release;
		};
		ADD97B5B1A5E94A8006376BE /* Build configuration list for PBXNativeTarget "Ejercicio1" */ = {
			isa = XCConfigurationList;
			buildConfigurations = (
				ADD97B5C1A5E94A8006376BE /* Debug */,
				ADD97B5D1A5E94A8006376BE /* Release */,
			);
			defaultConfigurationIsVisible = 0;
		};
/* End XCConfigurationList section */
	};
	rootObject = ADD97B4C1A5E94A7006376BE /* Project object */;
}
